// !$*UTF8*$!
{
	archiveVersion = 1;
	classes = {
	};
	objectVersion = 51;
	objects = {

/* Begin PBXBuildFile section */
		98EEA5EF080814FA78EFB45A /* Pods_YourStorage.framework in Frameworks */ = {isa = PBXBuildFile; fileRef = AF312E74CFCC5DB475909343 /* Pods_YourStorage.framework */; };
		DD239A5E2539D5B000747BAF /* WhatInBoxViewController.swift in Sources */ = {isa = PBXBuildFile; fileRef = DD239A5D2539D5B000747BAF /* WhatInBoxViewController.swift */; };
		DD239A602539D97E00747BAF /* Constants.swift in Sources */ = {isa = PBXBuildFile; fileRef = DD239A5F2539D97E00747BAF /* Constants.swift */; };
		DD239A622539DD5700747BAF /* SwipeTableViewController.swift in Sources */ = {isa = PBXBuildFile; fileRef = DD239A612539DD5600747BAF /* SwipeTableViewController.swift */; };
		DD5A01222539C9E6004D86C8 /* AppDelegate.swift in Sources */ = {isa = PBXBuildFile; fileRef = DD5A01212539C9E6004D86C8 /* AppDelegate.swift */; };
		DD5A01242539C9E6004D86C8 /* SceneDelegate.swift in Sources */ = {isa = PBXBuildFile; fileRef = DD5A01232539C9E6004D86C8 /* SceneDelegate.swift */; };
		DD5A01262539C9E6004D86C8 /* BoxesViewController.swift in Sources */ = {isa = PBXBuildFile; fileRef = DD5A01252539C9E6004D86C8 /* BoxesViewController.swift */; };
		DD5A01292539C9E6004D86C8 /* Main.storyboard in Resources */ = {isa = PBXBuildFile; fileRef = DD5A01272539C9E6004D86C8 /* Main.storyboard */; };
		DD5A012C2539C9E6004D86C8 /* YourStorage.xcdatamodeld in Sources */ = {isa = PBXBuildFile; fileRef = DD5A012A2539C9E6004D86C8 /* YourStorage.xcdatamodeld */; };
		DD5A012E2539C9EC004D86C8 /* Assets.xcassets in Resources */ = {isa = PBXBuildFile; fileRef = DD5A012D2539C9EC004D86C8 /* Assets.xcassets */; };
		DD5A01312539C9EC004D86C8 /* LaunchScreen.storyboard in Resources */ = {isa = PBXBuildFile; fileRef = DD5A012F2539C9EC004D86C8 /* LaunchScreen.storyboard */; };
/* End PBXBuildFile section */

/* Begin PBXFileReference section */
		0CD4051988A623D5760EC1E1 /* Pods-YourStorage.release.xcconfig */ = {isa = PBXFileReference; includeInIndex = 1; lastKnownFileType = text.xcconfig; name = "Pods-YourStorage.release.xcconfig"; path = "Target Support Files/Pods-YourStorage/Pods-YourStorage.release.xcconfig"; sourceTree = "<group>"; };
		AF312E74CFCC5DB475909343 /* Pods_YourStorage.framework */ = {isa = PBXFileReference; explicitFileType = wrapper.framework; includeInIndex = 0; path = Pods_YourStorage.framework; sourceTree = BUILT_PRODUCTS_DIR; };
		DD239A5D2539D5B000747BAF /* WhatInBoxViewController.swift */ = {isa = PBXFileReference; lastKnownFileType = sourcecode.swift; path = WhatInBoxViewController.swift; sourceTree = "<group>"; };
		DD239A5F2539D97E00747BAF /* Constants.swift */ = {isa = PBXFileReference; lastKnownFileType = sourcecode.swift; path = Constants.swift; sourceTree = "<group>"; };
		DD239A612539DD5600747BAF /* SwipeTableViewController.swift */ = {isa = PBXFileReference; lastKnownFileType = sourcecode.swift; path = SwipeTableViewController.swift; sourceTree = "<group>"; };
		DD5A011E2539C9E6004D86C8 /* YourStorage.app */ = {isa = PBXFileReference; explicitFileType = wrapper.application; includeInIndex = 0; path = YourStorage.app; sourceTree = BUILT_PRODUCTS_DIR; };
		DD5A01212539C9E6004D86C8 /* AppDelegate.swift */ = {isa = PBXFileReference; lastKnownFileType = sourcecode.swift; path = AppDelegate.swift; sourceTree = "<group>"; };
		DD5A01232539C9E6004D86C8 /* SceneDelegate.swift */ = {isa = PBXFileReference; lastKnownFileType = sourcecode.swift; path = SceneDelegate.swift; sourceTree = "<group>"; };
		DD5A01252539C9E6004D86C8 /* BoxesViewController.swift */ = {isa = PBXFileReference; lastKnownFileType = sourcecode.swift; path = BoxesViewController.swift; sourceTree = "<group>"; };
		DD5A01282539C9E6004D86C8 /* Base */ = {isa = PBXFileReference; lastKnownFileType = file.storyboard; name = Base; path = Base.lproj/Main.storyboard; sourceTree = "<group>"; };
		DD5A012B2539C9E6004D86C8 /* YourStorage.xcdatamodel */ = {isa = PBXFileReference; lastKnownFileType = wrapper.xcdatamodel; path = YourStorage.xcdatamodel; sourceTree = "<group>"; };
		DD5A012D2539C9EC004D86C8 /* Assets.xcassets */ = {isa = PBXFileReference; lastKnownFileType = folder.assetcatalog; path = Assets.xcassets; sourceTree = "<group>"; };
		DD5A01302539C9EC004D86C8 /* Base */ = {isa = PBXFileReference; lastKnownFileType = file.storyboard; name = Base; path = Base.lproj/LaunchScreen.storyboard; sourceTree = "<group>"; };
		DD5A01322539C9EC004D86C8 /* Info.plist */ = {isa = PBXFileReference; lastKnownFileType = text.plist.xml; path = Info.plist; sourceTree = "<group>"; };
		ECCE1CBBA903C51DB445B71A /* Pods-YourStorage.debug.xcconfig */ = {isa = PBXFileReference; includeInIndex = 1; lastKnownFileType = text.xcconfig; name = "Pods-YourStorage.debug.xcconfig"; path = "Target Support Files/Pods-YourStorage/Pods-YourStorage.debug.xcconfig"; sourceTree = "<group>"; };
/* End PBXFileReference section */

/* Begin PBXFrameworksBuildPhase section */
		DD5A011B2539C9E6004D86C8 /* Frameworks */ = {
			isa = PBXFrameworksBuildPhase;
			buildActionMask = 2147483647;
			files = (
				98EEA5EF080814FA78EFB45A /* Pods_YourStorage.framework in Frameworks */,
			);
			runOnlyForDeploymentPostprocessing = 0;
		};
/* End PBXFrameworksBuildPhase section */

/* Begin PBXGroup section */
		3CA9130B9819487FE1016F14 /* Frameworks */ = {
			isa = PBXGroup;
			children = (
				AF312E74CFCC5DB475909343 /* Pods_YourStorage.framework */,
			);
			name = Frameworks;
			sourceTree = "<group>";
		};
		988676F3DEFB1A63C4FC82DD /* Pods */ = {
			isa = PBXGroup;
			children = (
				ECCE1CBBA903C51DB445B71A /* Pods-YourStorage.debug.xcconfig */,
				0CD4051988A623D5760EC1E1 /* Pods-YourStorage.release.xcconfig */,
			);
			path = Pods;
			sourceTree = "<group>";
		};
		DD239A652539E1CA00747BAF /* Core */ = {
			isa = PBXGroup;
			children = (
			);
			path = Core;
			sourceTree = "<group>";
		};
		DD5A01152539C9E6004D86C8 = {
			isa = PBXGroup;
			children = (
				DD5A01202539C9E6004D86C8 /* YourStorage */,
				DD5A011F2539C9E6004D86C8 /* Products */,
				988676F3DEFB1A63C4FC82DD /* Pods */,
				3CA9130B9819487FE1016F14 /* Frameworks */,
			);
			sourceTree = "<group>";
		};
		DD5A011F2539C9E6004D86C8 /* Products */ = {
			isa = PBXGroup;
			children = (
				DD5A011E2539C9E6004D86C8 /* YourStorage.app */,
			);
			name = Products;
			sourceTree = "<group>";
		};
		DD5A01202539C9E6004D86C8 /* YourStorage */ = {
			isa = PBXGroup;
			children = (
				DD5A01212539C9E6004D86C8 /* AppDelegate.swift */,
				DD5A01232539C9E6004D86C8 /* SceneDelegate.swift */,
				DD239A5F2539D97E00747BAF /* Constants.swift */,
				DD5A013B2539CA96004D86C8 /* Models */,
				DD5A013A2539CA8A004D86C8 /* View */,
				DD5A01392539CA7E004D86C8 /* Controllers */,
				DD5A012D2539C9EC004D86C8 /* Assets.xcassets */,
				DD5A012F2539C9EC004D86C8 /* LaunchScreen.storyboard */,
				DD5A01322539C9EC004D86C8 /* Info.plist */,
			);
			path = YourStorage;
			sourceTree = "<group>";
		};
		DD5A01392539CA7E004D86C8 /* Controllers */ = {
			isa = PBXGroup;
			children = (
				DD5A01252539C9E6004D86C8 /* BoxesViewController.swift */,
				DD239A612539DD5600747BAF /* SwipeTableViewController.swift */,
				DD239A5D2539D5B000747BAF /* WhatInBoxViewController.swift */,
			);
			path = Controllers;
			sourceTree = "<group>";
		};
		DD5A013A2539CA8A004D86C8 /* View */ = {
			isa = PBXGroup;
			children = (
				DD5A01272539C9E6004D86C8 /* Main.storyboard */,
			);
			path = View;
			sourceTree = "<group>";
		};
		DD5A013B2539CA96004D86C8 /* Models */ = {
			isa = PBXGroup;
			children = (
				DD239A652539E1CA00747BAF /* Core */,
				DD5A012A2539C9E6004D86C8 /* YourStorage.xcdatamodeld */,
			);
			path = Models;
			sourceTree = "<group>";
		};
/* End PBXGroup section */

/* Begin PBXNativeTarget section */
		DD5A011D2539C9E6004D86C8 /* YourStorage */ = {
			isa = PBXNativeTarget;
			buildConfigurationList = DD5A01352539C9EC004D86C8 /* Build configuration list for PBXNativeTarget "YourStorage" */;
			buildPhases = (
				A6182EB12E02C012B75B14F4 /* [CP] Check Pods Manifest.lock */,
				DD5A011A2539C9E6004D86C8 /* Sources */,
				DD5A011B2539C9E6004D86C8 /* Frameworks */,
				DD5A011C2539C9E6004D86C8 /* Resources */,
				8463ED9E2B9BC28B02EF5C13 /* [CP] Embed Pods Frameworks */,
			);
			buildRules = (
			);
			dependencies = (
			);
			name = YourStorage;
			productName = YourStorage;
			productReference = DD5A011E2539C9E6004D86C8 /* YourStorage.app */;
			productType = "com.apple.product-type.application";
		};
/* End PBXNativeTarget section */

/* Begin PBXProject section */
		DD5A01162539C9E6004D86C8 /* Project object */ = {
			isa = PBXProject;
			attributes = {
				LastSwiftUpdateCheck = 1160;
				LastUpgradeCheck = 1160;
				ORGANIZATIONNAME = "Vladimir Kovalenko";
				TargetAttributes = {
					DD5A011D2539C9E6004D86C8 = {
						CreatedOnToolsVersion = 11.6;
					};
				};
			};
			buildConfigurationList = DD5A01192539C9E6004D86C8 /* Build configuration list for PBXProject "YourStorage" */;
			compatibilityVersion = "Xcode 9.3";
			developmentRegion = en;
			hasScannedForEncodings = 0;
			knownRegions = (
				en,
				Base,
			);
			mainGroup = DD5A01152539C9E6004D86C8;
			productRefGroup = DD5A011F2539C9E6004D86C8 /* Products */;
			projectDirPath = "";
			projectRoot = "";
			targets = (
				DD5A011D2539C9E6004D86C8 /* YourStorage */,
			);
		};
/* End PBXProject section */

/* Begin PBXResourcesBuildPhase section */
		DD5A011C2539C9E6004D86C8 /* Resources */ = {
			isa = PBXResourcesBuildPhase;
			buildActionMask = 2147483647;
			files = (
				DD5A01312539C9EC004D86C8 /* LaunchScreen.storyboard in Resources */,
				DD5A012E2539C9EC004D86C8 /* Assets.xcassets in Resources */,
				DD5A01292539C9E6004D86C8 /* Main.storyboard in Resources */,
			);
			runOnlyForDeploymentPostprocessing = 0;
		};
/* End PBXResourcesBuildPhase section */

/* Begin PBXShellScriptBuildPhase section */
		8463ED9E2B9BC28B02EF5C13 /* [CP] Embed Pods Frameworks */ = {
			isa = PBXShellScriptBuildPhase;
			buildActionMask = 2147483647;
			files = (
			);
			inputFileListPaths = (
				"${PODS_ROOT}/Target Support Files/Pods-YourStorage/Pods-YourStorage-frameworks-${CONFIGURATION}-input-files.xcfilelist",
			);
			name = "[CP] Embed Pods Frameworks";
			outputFileListPaths = (
				"${PODS_ROOT}/Target Support Files/Pods-YourStorage/Pods-YourStorage-frameworks-${CONFIGURATION}-output-files.xcfilelist",
			);
			runOnlyForDeploymentPostprocessing = 0;
			shellPath = /bin/sh;
			shellScript = "\"${PODS_ROOT}/Target Support Files/Pods-YourStorage/Pods-YourStorage-frameworks.sh\"\n";
			showEnvVarsInLog = 0;
		};
		A6182EB12E02C012B75B14F4 /* [CP] Check Pods Manifest.lock */ = {
			isa = PBXShellScriptBuildPhase;
			buildActionMask = 2147483647;
			files = (
			);
			inputFileListPaths = (
			);
			inputPaths = (
				"${PODS_PODFILE_DIR_PATH}/Podfile.lock",
				"${PODS_ROOT}/Manifest.lock",
			);
			name = "[CP] Check Pods Manifest.lock";
			outputFileListPaths = (
			);
			outputPaths = (
				"$(DERIVED_FILE_DIR)/Pods-YourStorage-checkManifestLockResult.txt",
			);
			runOnlyForDeploymentPostprocessing = 0;
			shellPath = /bin/sh;
			shellScript = "diff \"${PODS_PODFILE_DIR_PATH}/Podfile.lock\" \"${PODS_ROOT}/Manifest.lock\" > /dev/null\nif [ $? != 0 ] ; then\n    # print error to STDERR\n    echo \"error: The sandbox is not in sync with the Podfile.lock. Run 'pod install' or update your CocoaPods installation.\" >&2\n    exit 1\nfi\n# This output is used by Xcode 'outputs' to avoid re-running this script phase.\necho \"SUCCESS\" > \"${SCRIPT_OUTPUT_FILE_0}\"\n";
			showEnvVarsInLog = 0;
		};
/* End PBXShellScriptBuildPhase section */

/* Begin PBXSourcesBuildPhase section */
		DD5A011A2539C9E6004D86C8 /* Sources */ = {
			isa = PBXSourcesBuildPhase;
			buildActionMask = 2147483647;
			files = (
				DD5A012C2539C9E6004D86C8 /* YourStorage.xcdatamodeld in Sources */,
				DD5A01262539C9E6004D86C8 /* BoxesViewController.swift in Sources */,
				DD5A01222539C9E6004D86C8 /* AppDelegate.swift in Sources */,
				DD239A622539DD5700747BAF /* SwipeTableViewController.swift in Sources */,
				DD5A01242539C9E6004D86C8 /* SceneDelegate.swift in Sources */,
				DD239A5E2539D5B000747BAF /* WhatInBoxViewController.swift in Sources */,
				DD239A602539D97E00747BAF /* Constants.swift in Sources */,
			);
			runOnlyForDeploymentPostprocessing = 0;
		};
/* End PBXSourcesBuildPhase section */

/* Begin PBXVariantGroup section */
		DD5A01272539C9E6004D86C8 /* Main.storyboard */ = {
			isa = PBXVariantGroup;
			children = (
				DD5A01282539C9E6004D86C8 /* Base */,
			);
			name = Main.storyboard;
			sourceTree = "<group>";
		};
		DD5A012F2539C9EC004D86C8 /* LaunchScreen.storyboard */ = {
			isa = PBXVariantGroup;
			children = (
				DD5A01302539C9EC004D86C8 /* Base */,
			);
			name = LaunchScreen.storyboard;
			sourceTree = "<group>";
		};
/* End PBXVariantGroup section */

/* Begin XCBuildConfiguration section */
		DD5A01332539C9EC004D86C8 /* Debug */ = {
			isa = XCBuildConfiguration;
			buildSettings = {
				ALWAYS_SEARCH_USER_PATHS = NO;
				CLANG_ANALYZER_NONNULL = YES;
				CLANG_ANALYZER_NUMBER_OBJECT_CONVERSION = YES_AGGRESSIVE;
				CLANG_CXX_LANGUAGE_STANDARD = "gnu++14";
				CLANG_CXX_LIBRARY = "libc++";
				CLANG_ENABLE_MODULES = YES;
				CLANG_ENABLE_OBJC_ARC = YES;
				CLANG_ENABLE_OBJC_WEAK = YES;
				CLANG_WARN_BLOCK_CAPTURE_AUTORELEASING = YES;
				CLANG_WARN_BOOL_CONVERSION = YES;
				CLANG_WARN_COMMA = YES;
				CLANG_WARN_CONSTANT_CONVERSION = YES;
				CLANG_WARN_DEPRECATED_OBJC_IMPLEMENTATIONS = YES;
				CLANG_WARN_DIRECT_OBJC_ISA_USAGE = YES_ERROR;
				CLANG_WARN_DOCUMENTATION_COMMENTS = YES;
				CLANG_WARN_EMPTY_BODY = YES;
				CLANG_WARN_ENUM_CONVERSION = YES;
				CLANG_WARN_INFINITE_RECURSION = YES;
				CLANG_WARN_INT_CONVERSION = YES;
				CLANG_WARN_NON_LITERAL_NULL_CONVERSION = YES;
				CLANG_WARN_OBJC_IMPLICIT_RETAIN_SELF = YES;
				CLANG_WARN_OBJC_LITERAL_CONVERSION = YES;
				CLANG_WARN_OBJC_ROOT_CLASS = YES_ERROR;
				CLANG_WARN_RANGE_LOOP_ANALYSIS = YES;
				CLANG_WARN_STRICT_PROTOTYPES = YES;
				CLANG_WARN_SUSPICIOUS_MOVE = YES;
				CLANG_WARN_UNGUARDED_AVAILABILITY = YES_AGGRESSIVE;
				CLANG_WARN_UNREACHABLE_CODE = YES;
				CLANG_WARN__DUPLICATE_METHOD_MATCH = YES;
				COPY_PHASE_STRIP = NO;
				DEBUG_INFORMATION_FORMAT = dwarf;
				ENABLE_STRICT_OBJC_MSGSEND = YES;
				ENABLE_TESTABILITY = YES;
				GCC_C_LANGUAGE_STANDARD = gnu11;
				GCC_DYNAMIC_NO_PIC = NO;
				GCC_NO_COMMON_BLOCKS = YES;
				GCC_OPTIMIZATION_LEVEL = 0;
				GCC_PREPROCESSOR_DEFINITIONS = (
					"DEBUG=1",
					"$(inherited)",
				);
				GCC_WARN_64_TO_32_BIT_CONVERSION = YES;
				GCC_WARN_ABOUT_RETURN_TYPE = YES_ERROR;
				GCC_WARN_UNDECLARED_SELECTOR = YES;
				GCC_WARN_UNINITIALIZED_AUTOS = YES_AGGRESSIVE;
				GCC_WARN_UNUSED_FUNCTION = YES;
				GCC_WARN_UNUSED_VARIABLE = YES;
				IPHONEOS_DEPLOYMENT_TARGET = 13.6;
				MTL_ENABLE_DEBUG_INFO = INCLUDE_SOURCE;
				MTL_FAST_MATH = YES;
				ONLY_ACTIVE_ARCH = YES;
				SDKROOT = iphoneos;
				SWIFT_ACTIVE_COMPILATION_CONDITIONS = DEBUG;
				SWIFT_OPTIMIZATION_LEVEL = "-Onone";
			};
			name = Debug;
		};
		DD5A01342539C9EC004D86C8 /* Release */ = {
			isa = XCBuildConfiguration;
			buildSettings = {
				ALWAYS_SEARCH_USER_PATHS = NO;
				CLANG_ANALYZER_NONNULL = YES;
				CLANG_ANALYZER_NUMBER_OBJECT_CONVERSION = YES_AGGRESSIVE;
				CLANG_CXX_LANGUAGE_STANDARD = "gnu++14";
				CLANG_CXX_LIBRARY = "libc++";
				CLANG_ENABLE_MODULES = YES;
				CLANG_ENABLE_OBJC_ARC = YES;
				CLANG_ENABLE_OBJC_WEAK = YES;
				CLANG_WARN_BLOCK_CAPTURE_AUTORELEASING = YES;
				CLANG_WARN_BOOL_CONVERSION = YES;
				CLANG_WARN_COMMA = YES;
				CLANG_WARN_CONSTANT_CONVERSION = YES;
				CLANG_WARN_DEPRECATED_OBJC_IMPLEMENTATIONS = YES;
				CLANG_WARN_DIRECT_OBJC_ISA_USAGE = YES_ERROR;
				CLANG_WARN_DOCUMENTATION_COMMENTS = YES;
				CLANG_WARN_EMPTY_BODY = YES;
				CLANG_WARN_ENUM_CONVERSION = YES;
				CLANG_WARN_INFINITE_RECURSION = YES;
				CLANG_WARN_INT_CONVERSION = YES;
				CLANG_WARN_NON_LITERAL_NULL_CONVERSION = YES;
				CLANG_WARN_OBJC_IMPLICIT_RETAIN_SELF = YES;
				CLANG_WARN_OBJC_LITERAL_CONVERSION = YES;
				CLANG_WARN_OBJC_ROOT_CLASS = YES_ERROR;
				CLANG_WARN_RANGE_LOOP_ANALYSIS = YES;
				CLANG_WARN_STRICT_PROTOTYPES = YES;
				CLANG_WARN_SUSPICIOUS_MOVE = YES;
				CLANG_WARN_UNGUARDED_AVAILABILITY = YES_AGGRESSIVE;
				CLANG_WARN_UNREACHABLE_CODE = YES;
				CLANG_WARN__DUPLICATE_METHOD_MATCH = YES;
				COPY_PHASE_STRIP = NO;
				DEBUG_INFORMATION_FORMAT = "dwarf-with-dsym";
				ENABLE_NS_ASSERTIONS = NO;
				ENABLE_STRICT_OBJC_MSGSEND = YES;
				GCC_C_LANGUAGE_STANDARD = gnu11;
				GCC_NO_COMMON_BLOCKS = YES;
				GCC_WARN_64_TO_32_BIT_CONVERSION = YES;
				GCC_WARN_ABOUT_RETURN_TYPE = YES_ERROR;
				GCC_WARN_UNDECLARED_SELECTOR = YES;
				GCC_WARN_UNINITIALIZED_AUTOS = YES_AGGRESSIVE;
				GCC_WARN_UNUSED_FUNCTION = YES;
				GCC_WARN_UNUSED_VARIABLE = YES;
				IPHONEOS_DEPLOYMENT_TARGET = 13.6;
				MTL_ENABLE_DEBUG_INFO = NO;
				MTL_FAST_MATH = YES;
				SDKROOT = iphoneos;
				SWIFT_COMPILATION_MODE = wholemodule;
				SWIFT_OPTIMIZATION_LEVEL = "-O";
				VALIDATE_PRODUCT = YES;
			};
			name = Release;
		};
		DD5A01362539C9EC004D86C8 /* Debug */ = {
			isa = XCBuildConfiguration;
			baseConfigurationReference = ECCE1CBBA903C51DB445B71A /* Pods-YourStorage.debug.xcconfig */;
			buildSettings = {
				ASSETCATALOG_COMPILER_APPICON_NAME = AppIcon;
				CODE_SIGN_STYLE = Automatic;
				DEVELOPMENT_TEAM = PR437U27Q7;
				INFOPLIST_FILE = YourStorage/Info.plist;
				LD_RUNPATH_SEARCH_PATHS = (
					"$(inherited)",
					"@executable_path/Frameworks",
				);
				PRODUCT_BUNDLE_IDENTIFIER = Vladimir.YourStorage;
				PRODUCT_NAME = "$(TARGET_NAME)";
				SWIFT_VERSION = 5.0;
				TARGETED_DEVICE_FAMILY = "1,2";
			};
			name = Debug;
		};
		DD5A01372539C9EC004D86C8 /* Release */ = {
			isa = XCBuildConfiguration;
			baseConfigurationReference = 0CD4051988A623D5760EC1E1 /* Pods-YourStorage.release.xcconfig */;
			buildSettings = {
				ASSETCATALOG_COMPILER_APPICON_NAME = AppIcon;
				CODE_SIGN_STYLE = Automatic;
				DEVELOPMENT_TEAM = PR437U27Q7;
				INFOPLIST_FILE = YourStorage/Info.plist;
				LD_RUNPATH_SEARCH_PATHS = (
					"$(inherited)",
					"@executable_path/Frameworks",
				);
				PRODUCT_BUNDLE_IDENTIFIER = Vladimir.YourStorage;
				PRODUCT_NAME = "$(TARGET_NAME)";
				SWIFT_VERSION = 5.0;
				TARGETED_DEVICE_FAMILY = "1,2";
			};
			name = Release;
		};
/* End XCBuildConfiguration section */

/* Begin XCConfigurationList section */
		DD5A01192539C9E6004D86C8 /* Build configuration list for PBXProject "YourStorage" */ = {
			isa = XCConfigurationList;
			buildConfigurations = (
				DD5A01332539C9EC004D86C8 /* Debug */,
				DD5A01342539C9EC004D86C8 /* Release */,
			);
			defaultConfigurationIsVisible = 0;
			defaultConfigurationName = Release;
		};
		DD5A01352539C9EC004D86C8 /* Build configuration list for PBXNativeTarget "YourStorage" */ = {
			isa = XCConfigurationList;
			buildConfigurations = (
				DD5A01362539C9EC004D86C8 /* Debug */,
				DD5A01372539C9EC004D86C8 /* Release */,
			);
			defaultConfigurationIsVisible = 0;
			defaultConfigurationName = Release;
		};
/* End XCConfigurationList section */

/* Begin XCVersionGroup section */
		DD5A012A2539C9E6004D86C8 /* YourStorage.xcdatamodeld */ = {
			isa = XCVersionGroup;
			children = (
				DD5A012B2539C9E6004D86C8 /* YourStorage.xcdatamodel */,
			);
			currentVersion = DD5A012B2539C9E6004D86C8 /* YourStorage.xcdatamodel */;
			path = YourStorage.xcdatamodeld;
			sourceTree = "<group>";
			versionGroupType = wrapper.xcdatamodel;
		};
/* End XCVersionGroup section */
	};
	rootObject = DD5A01162539C9E6004D86C8 /* Project object */;
}
